
Microsoft Visual Studio Solution File, Format Version 12.00
# Visual Studio Version 17
VisualStudioVersion = 17.5.002.0
MinimumVisualStudioVersion = 10.0.40219.1
Project("{9A19103F-16F7-4668-BE54-9A1E7A4F7556}") = "AdventOfCode2023", "AdventOfCode2023.csproj", "{AC8517C6-5157-49DD-BCCF-A1169F328128}"
EndProject
Global
	GlobalSection(SolutionConfigurationPlatforms) = preSolution
		Debug|Any CPU = Debug|Any CPU
		Release|Any CPU = Release|Any CPU
	EndGlobalSection
	GlobalSection(ProjectConfigurationPlatforms) = postSolution
		{AC8517C6-5157-49DD-BCCF-A1169F328128}.Debug|Any CPU.ActiveCfg = Debug|Any CPU
		{AC8517C6-5157-49DD-BCCF-A1169F328128}.Debug|Any CPU.Build.0 = Debug|Any CPU
		{AC8517C6-5157-49DD-BCCF-A1169F328128}.Release|Any CPU.ActiveCfg = Release|Any CPU
		{AC8517C6-5157-49DD-BCCF-A1169F328128}.Release|Any CPU.Build.0 = Release|Any CPU
	EndGlobalSection
	GlobalSection(SolutionProperties) = preSolution
		HideSolutionNode = FALSE
	EndGlobalSection
	GlobalSection(ExtensibilityGlobals) = postSolution
		SolutionGuid = {2F94F004-2633-46CF-B5F5-B6808BD0B86F}
	EndGlobalSection
EndGlobal
